
Microsoft Visual Studio Solution File, Format Version 12.00
# Visual Studio Version 16
VisualStudioVersion = 16.0.29709.97
MinimumVisualStudioVersion = 10.0.40219.1
Project("{FAE04EC0-301F-11D3-BF4B-00C04F79EFBC}") = "Icatu.EmployeeManagerAPI.WebApi", "Icatu.EmployeeManagerAPI.WebApi\Icatu.EmployeeManagerAPI.WebApi.csproj", "{4D826177-3DB3-4156-AD2F-13EC77222FA4}"
EndProject
Project("{FAE04EC0-301F-11D3-BF4B-00C04F79EFBC}") = "Icatu.EmployeeManagerAPI.Mvc", "Icatu.EmployeeManagerAPI.Mvc\Icatu.EmployeeManagerAPI.Mvc.csproj", "{84C00A67-AB08-4FAE-BB7D-8016966D759E}"
EndProject
Project("{FAE04EC0-301F-11D3-BF4B-00C04F79EFBC}") = "Icatu.EmployeeManagerAPI.Test", "Icatu.EmployeeManagerAPI.Test\Icatu.EmployeeManagerAPI.Test.csproj", "{540E86E4-990F-49DD-A67D-B7232B2C9721}"
EndProject
Global
	GlobalSection(SolutionConfigurationPlatforms) = preSolution
		Debug|Any CPU = Debug|Any CPU
		Release|Any CPU = Release|Any CPU
	EndGlobalSection
	GlobalSection(ProjectConfigurationPlatforms) = postSolution
		{4D826177-3DB3-4156-AD2F-13EC77222FA4}.Debug|Any CPU.ActiveCfg = Debug|Any CPU
		{4D826177-3DB3-4156-AD2F-13EC77222FA4}.Debug|Any CPU.Build.0 = Debug|Any CPU
		{4D826177-3DB3-4156-AD2F-13EC77222FA4}.Release|Any CPU.ActiveCfg = Release|Any CPU
		{4D826177-3DB3-4156-AD2F-13EC77222FA4}.Release|Any CPU.Build.0 = Release|Any CPU
		{84C00A67-AB08-4FAE-BB7D-8016966D759E}.Debug|Any CPU.ActiveCfg = Debug|Any CPU
		{84C00A67-AB08-4FAE-BB7D-8016966D759E}.Debug|Any CPU.Build.0 = Debug|Any CPU
		{84C00A67-AB08-4FAE-BB7D-8016966D759E}.Release|Any CPU.ActiveCfg = Release|Any CPU
		{84C00A67-AB08-4FAE-BB7D-8016966D759E}.Release|Any CPU.Build.0 = Release|Any CPU
		{540E86E4-990F-49DD-A67D-B7232B2C9721}.Debug|Any CPU.ActiveCfg = Debug|Any CPU
		{540E86E4-990F-49DD-A67D-B7232B2C9721}.Debug|Any CPU.Build.0 = Debug|Any CPU
		{540E86E4-990F-49DD-A67D-B7232B2C9721}.Release|Any CPU.ActiveCfg = Release|Any CPU
		{540E86E4-990F-49DD-A67D-B7232B2C9721}.Release|Any CPU.Build.0 = Release|Any CPU
	EndGlobalSection
	GlobalSection(SolutionProperties) = preSolution
		HideSolutionNode = FALSE
	EndGlobalSection
	GlobalSection(ExtensibilityGlobals) = postSolution
		SolutionGuid = {EF089A29-08E5-49E3-8063-FFAC23614FA1}
	EndGlobalSection
EndGlobal
